// !$*UTF8*$!
{
	archiveVersion = 1;
	classes = {
	};
	objectVersion = 46;
	objects = {

/* Begin PBXBuildFile section */
		8464B0021B13ACE8004BC0B6 /* DaoFactory.swift in Sources */ = {isa = PBXBuildFile; fileRef = 8464AFFD1B13ACE8004BC0B6 /* DaoFactory.swift */; };
		8464B0031B13ACE8004BC0B6 /* User.swift in Sources */ = {isa = PBXBuildFile; fileRef = 8464AFFE1B13ACE8004BC0B6 /* User.swift */; };
		8464B0041B13ACE8004BC0B6 /* UserDAOCloudKit.swift in Sources */ = {isa = PBXBuildFile; fileRef = 8464AFFF1B13ACE8004BC0B6 /* UserDAOCloudKit.swift */; };
		8464B0051B13ACE8004BC0B6 /* UserDAODefaults.swift in Sources */ = {isa = PBXBuildFile; fileRef = 8464B0001B13ACE8004BC0B6 /* UserDAODefaults.swift */; };
		8464B0061B13ACE8004BC0B6 /* UserManager.swift in Sources */ = {isa = PBXBuildFile; fileRef = 8464B0011B13ACE8004BC0B6 /* UserManager.swift */; };
		EEFE52A71B13911D008CC8F7 /* AppDelegate.swift in Sources */ = {isa = PBXBuildFile; fileRef = EEFE52A61B13911D008CC8F7 /* AppDelegate.swift */; };
		EEFE52AA1B13911D008CC8F7 /* Horta.xcdatamodeld in Sources */ = {isa = PBXBuildFile; fileRef = EEFE52A81B13911D008CC8F7 /* Horta.xcdatamodeld */; };
		EEFE52AC1B13911D008CC8F7 /* ViewController.swift in Sources */ = {isa = PBXBuildFile; fileRef = EEFE52AB1B13911D008CC8F7 /* ViewController.swift */; };
		EEFE52AF1B13911D008CC8F7 /* Main.storyboard in Resources */ = {isa = PBXBuildFile; fileRef = EEFE52AD1B13911D008CC8F7 /* Main.storyboard */; };
		EEFE52B11B13911D008CC8F7 /* Images.xcassets in Resources */ = {isa = PBXBuildFile; fileRef = EEFE52B01B13911D008CC8F7 /* Images.xcassets */; };
		EEFE52B41B13911D008CC8F7 /* LaunchScreen.xib in Resources */ = {isa = PBXBuildFile; fileRef = EEFE52B21B13911D008CC8F7 /* LaunchScreen.xib */; };
		EEFE52C01B13911D008CC8F7 /* HortaTests.swift in Sources */ = {isa = PBXBuildFile; fileRef = EEFE52BF1B13911D008CC8F7 /* HortaTests.swift */; };
		EEFE52CB1B13A1CD008CC8F7 /* CloudKit.framework in Frameworks */ = {isa = PBXBuildFile; fileRef = EEFE52CA1B13A1CD008CC8F7 /* CloudKit.framework */; };
/* End PBXBuildFile section */

/* Begin PBXContainerItemProxy section */
		EEFE52BA1B13911D008CC8F7 /* PBXContainerItemProxy */ = {
			isa = PBXContainerItemProxy;
			containerPortal = EEFE52991B13911D008CC8F7 /* Project object */;
			proxyType = 1;
			remoteGlobalIDString = EEFE52A01B13911D008CC8F7;
			remoteInfo = Horta;
		};
/* End PBXContainerItemProxy section */

/* Begin PBXFileReference section */
		8464AFFD1B13ACE8004BC0B6 /* DaoFactory.swift */ = {isa = PBXFileReference; fileEncoding = 4; lastKnownFileType = sourcecode.swift; name = DaoFactory.swift; path = Modelos/DAOs/DaoFactory.swift; sourceTree = "<group>"; };
		8464AFFE1B13ACE8004BC0B6 /* User.swift */ = {isa = PBXFileReference; fileEncoding = 4; lastKnownFileType = sourcecode.swift; name = User.swift; path = Modelos/DAOs/User.swift; sourceTree = "<group>"; };
		8464AFFF1B13ACE8004BC0B6 /* UserDAOCloudKit.swift */ = {isa = PBXFileReference; fileEncoding = 4; lastKnownFileType = sourcecode.swift; name = UserDAOCloudKit.swift; path = Modelos/DAOs/UserDAOCloudKit.swift; sourceTree = "<group>"; };
		8464B0001B13ACE8004BC0B6 /* UserDAODefaults.swift */ = {isa = PBXFileReference; fileEncoding = 4; lastKnownFileType = sourcecode.swift; name = UserDAODefaults.swift; path = Modelos/DAOs/UserDAODefaults.swift; sourceTree = "<group>"; };
		8464B0011B13ACE8004BC0B6 /* UserManager.swift */ = {isa = PBXFileReference; fileEncoding = 4; lastKnownFileType = sourcecode.swift; name = UserManager.swift; path = Modelos/DAOs/UserManager.swift; sourceTree = "<group>"; };
		EEFE52A11B13911D008CC8F7 /* Horta.app */ = {isa = PBXFileReference; explicitFileType = wrapper.application; includeInIndex = 0; path = Horta.app; sourceTree = BUILT_PRODUCTS_DIR; };
		EEFE52A51B13911D008CC8F7 /* Info.plist */ = {isa = PBXFileReference; lastKnownFileType = text.plist.xml; path = Info.plist; sourceTree = "<group>"; };
		EEFE52A61B13911D008CC8F7 /* AppDelegate.swift */ = {isa = PBXFileReference; lastKnownFileType = sourcecode.swift; path = AppDelegate.swift; sourceTree = "<group>"; };
		EEFE52A91B13911D008CC8F7 /* Horta.xcdatamodel */ = {isa = PBXFileReference; lastKnownFileType = wrapper.xcdatamodel; path = Horta.xcdatamodel; sourceTree = "<group>"; };
		EEFE52AB1B13911D008CC8F7 /* ViewController.swift */ = {isa = PBXFileReference; lastKnownFileType = sourcecode.swift; path = ViewController.swift; sourceTree = "<group>"; };
		EEFE52AE1B13911D008CC8F7 /* Base */ = {isa = PBXFileReference; lastKnownFileType = file.storyboard; name = Base; path = Base.lproj/Main.storyboard; sourceTree = "<group>"; };
		EEFE52B01B13911D008CC8F7 /* Images.xcassets */ = {isa = PBXFileReference; lastKnownFileType = folder.assetcatalog; path = Images.xcassets; sourceTree = "<group>"; };
		EEFE52B31B13911D008CC8F7 /* Base */ = {isa = PBXFileReference; lastKnownFileType = file.xib; name = Base; path = Base.lproj/LaunchScreen.xib; sourceTree = "<group>"; };
		EEFE52B91B13911D008CC8F7 /* HortaTests.xctest */ = {isa = PBXFileReference; explicitFileType = wrapper.cfbundle; includeInIndex = 0; path = HortaTests.xctest; sourceTree = BUILT_PRODUCTS_DIR; };
		EEFE52BE1B13911D008CC8F7 /* Info.plist */ = {isa = PBXFileReference; lastKnownFileType = text.plist.xml; path = Info.plist; sourceTree = "<group>"; };
		EEFE52BF1B13911D008CC8F7 /* HortaTests.swift */ = {isa = PBXFileReference; lastKnownFileType = sourcecode.swift; path = HortaTests.swift; sourceTree = "<group>"; };
		EEFE52C91B13A1C3008CC8F7 /* Horta.entitlements */ = {isa = PBXFileReference; lastKnownFileType = text.xml; path = Horta.entitlements; sourceTree = "<group>"; };
		EEFE52CA1B13A1CD008CC8F7 /* CloudKit.framework */ = {isa = PBXFileReference; lastKnownFileType = wrapper.framework; name = CloudKit.framework; path = System/Library/Frameworks/CloudKit.framework; sourceTree = SDKROOT; };
/* End PBXFileReference section */

/* Begin PBXFrameworksBuildPhase section */
		EEFE529E1B13911D008CC8F7 /* Frameworks */ = {
			isa = PBXFrameworksBuildPhase;
			buildActionMask = 2147483647;
			files = (
				EEFE52CB1B13A1CD008CC8F7 /* CloudKit.framework in Frameworks */,
			);
			runOnlyForDeploymentPostprocessing = 0;
		};
		EEFE52B61B13911D008CC8F7 /* Frameworks */ = {
			isa = PBXFrameworksBuildPhase;
			buildActionMask = 2147483647;
			files = (
			);
			runOnlyForDeploymentPostprocessing = 0;
		};
/* End PBXFrameworksBuildPhase section */

/* Begin PBXGroup section */
		8464AFF71B13A6E1004BC0B6 /* Modelos */ = {
			isa = PBXGroup;
			children = (
				8464AFFC1B13AC15004BC0B6 /* DAO */,
			);
			name = Modelos;
			sourceTree = "<group>";
		};
		8464AFF91B13A6F3004BC0B6 /* Controladores */ = {
			isa = PBXGroup;
			children = (
			);
			name = Controladores;
			sourceTree = "<group>";
		};
		8464AFFA1B13A70A004BC0B6 /* Imagens */ = {
			isa = PBXGroup;
			children = (
			);
			name = Imagens;
			sourceTree = "<group>";
		};
		8464AFFC1B13AC15004BC0B6 /* DAO */ = {
			isa = PBXGroup;
			children = (
				8464AFFD1B13ACE8004BC0B6 /* DaoFactory.swift */,
				8464AFFE1B13ACE8004BC0B6 /* User.swift */,
				8464AFFF1B13ACE8004BC0B6 /* UserDAOCloudKit.swift */,
				8464B0001B13ACE8004BC0B6 /* UserDAODefaults.swift */,
				8464B0011B13ACE8004BC0B6 /* UserManager.swift */,
			);
			name = DAO;
			sourceTree = "<group>";
		};
		EEFE52981B13911D008CC8F7 = {
			isa = PBXGroup;
			children = (
				EEFE52CA1B13A1CD008CC8F7 /* CloudKit.framework */,
				EEFE52A31B13911D008CC8F7 /* Horta */,
				EEFE52BC1B13911D008CC8F7 /* HortaTests */,
				EEFE52A21B13911D008CC8F7 /* Products */,
			);
			sourceTree = "<group>";
		};
		EEFE52A21B13911D008CC8F7 /* Products */ = {
			isa = PBXGroup;
			children = (
				EEFE52A11B13911D008CC8F7 /* Horta.app */,
				EEFE52B91B13911D008CC8F7 /* HortaTests.xctest */,
			);
			name = Products;
			sourceTree = "<group>";
		};
		EEFE52A31B13911D008CC8F7 /* Horta */ = {
			isa = PBXGroup;
			children = (
				8464AFFA1B13A70A004BC0B6 /* Imagens */,
				8464AFF91B13A6F3004BC0B6 /* Controladores */,
				8464AFF71B13A6E1004BC0B6 /* Modelos */,
				EEFE52C91B13A1C3008CC8F7 /* Horta.entitlements */,
				EEFE52A61B13911D008CC8F7 /* AppDelegate.swift */,
				EEFE52AB1B13911D008CC8F7 /* ViewController.swift */,
				EEFE52AD1B13911D008CC8F7 /* Main.storyboard */,
				EEFE52B01B13911D008CC8F7 /* Images.xcassets */,
				EEFE52B21B13911D008CC8F7 /* LaunchScreen.xib */,
				EEFE52A81B13911D008CC8F7 /* Horta.xcdatamodeld */,
				EEFE52A41B13911D008CC8F7 /* Supporting Files */,
			);
			path = Horta;
			sourceTree = "<group>";
		};
		EEFE52A41B13911D008CC8F7 /* Supporting Files */ = {
			isa = PBXGroup;
			children = (
				EEFE52A51B13911D008CC8F7 /* Info.plist */,
			);
			name = "Supporting Files";
			sourceTree = "<group>";
		};
		EEFE52BC1B13911D008CC8F7 /* HortaTests */ = {
			isa = PBXGroup;
			children = (
				EEFE52BF1B13911D008CC8F7 /* HortaTests.swift */,
				EEFE52BD1B13911D008CC8F7 /* Supporting Files */,
			);
			path = HortaTests;
			sourceTree = "<group>";
		};
		EEFE52BD1B13911D008CC8F7 /* Supporting Files */ = {
			isa = PBXGroup;
			children = (
				EEFE52BE1B13911D008CC8F7 /* Info.plist */,
			);
			name = "Supporting Files";
			sourceTree = "<group>";
		};
/* End PBXGroup section */

/* Begin PBXNativeTarget section */
		EEFE52A01B13911D008CC8F7 /* Horta */ = {
			isa = PBXNativeTarget;
			buildConfigurationList = EEFE52C31B13911D008CC8F7 /* Build configuration list for PBXNativeTarget "Horta" */;
			buildPhases = (
				EEFE529D1B13911D008CC8F7 /* Sources */,
				EEFE529E1B13911D008CC8F7 /* Frameworks */,
				EEFE529F1B13911D008CC8F7 /* Resources */,
			);
			buildRules = (
			);
			dependencies = (
			);
			name = Horta;
			productName = Horta;
			productReference = EEFE52A11B13911D008CC8F7 /* Horta.app */;
			productType = "com.apple.product-type.application";
		};
		EEFE52B81B13911D008CC8F7 /* HortaTests */ = {
			isa = PBXNativeTarget;
			buildConfigurationList = EEFE52C61B13911D008CC8F7 /* Build configuration list for PBXNativeTarget "HortaTests" */;
			buildPhases = (
				EEFE52B51B13911D008CC8F7 /* Sources */,
				EEFE52B61B13911D008CC8F7 /* Frameworks */,
				EEFE52B71B13911D008CC8F7 /* Resources */,
			);
			buildRules = (
			);
			dependencies = (
				EEFE52BB1B13911D008CC8F7 /* PBXTargetDependency */,
			);
			name = HortaTests;
			productName = HortaTests;
			productReference = EEFE52B91B13911D008CC8F7 /* HortaTests.xctest */;
			productType = "com.apple.product-type.bundle.unit-test";
		};
/* End PBXNativeTarget section */

/* Begin PBXProject section */
		EEFE52991B13911D008CC8F7 /* Project object */ = {
			isa = PBXProject;
			attributes = {
				LastUpgradeCheck = 0630;
				ORGANIZATIONNAME = "Pedro Alcaide";
				TargetAttributes = {
					EEFE52A01B13911D008CC8F7 = {
						CreatedOnToolsVersion = 6.3.1;
						DevelopmentTeam = FH5CMKBGNN;
						SystemCapabilities = {
							com.apple.iCloud = {
								enabled = 1;
							};
						};
					};
					EEFE52B81B13911D008CC8F7 = {
						CreatedOnToolsVersion = 6.3.1;
						TestTargetID = EEFE52A01B13911D008CC8F7;
					};
				};
			};
			buildConfigurationList = EEFE529C1B13911D008CC8F7 /* Build configuration list for PBXProject "Horta" */;
			compatibilityVersion = "Xcode 3.2";
			developmentRegion = English;
			hasScannedForEncodings = 0;
			knownRegions = (
				en,
				Base,
			);
			mainGroup = EEFE52981B13911D008CC8F7;
			productRefGroup = EEFE52A21B13911D008CC8F7 /* Products */;
			projectDirPath = "";
			projectRoot = "";
			targets = (
				EEFE52A01B13911D008CC8F7 /* Horta */,
				EEFE52B81B13911D008CC8F7 /* HortaTests */,
			);
		};
/* End PBXProject section */

/* Begin PBXResourcesBuildPhase section */
		EEFE529F1B13911D008CC8F7 /* Resources */ = {
			isa = PBXResourcesBuildPhase;
			buildActionMask = 2147483647;
			files = (
				EEFE52AF1B13911D008CC8F7 /* Main.storyboard in Resources */,
				EEFE52B41B13911D008CC8F7 /* LaunchScreen.xib in Resources */,
				EEFE52B11B13911D008CC8F7 /* Images.xcassets in Resources */,
			);
			runOnlyForDeploymentPostprocessing = 0;
		};
		EEFE52B71B13911D008CC8F7 /* Resources */ = {
			isa = PBXResourcesBuildPhase;
			buildActionMask = 2147483647;
			files = (
			);
			runOnlyForDeploymentPostprocessing = 0;
		};
/* End PBXResourcesBuildPhase section */

/* Begin PBXSourcesBuildPhase section */
		EEFE529D1B13911D008CC8F7 /* Sources */ = {
			isa = PBXSourcesBuildPhase;
			buildActionMask = 2147483647;
			files = (
				EEFE52AC1B13911D008CC8F7 /* ViewController.swift in Sources */,
				EEFE52AA1B13911D008CC8F7 /* Horta.xcdatamodeld in Sources */,
				8464B0041B13ACE8004BC0B6 /* UserDAOCloudKit.swift in Sources */,
				8464B0051B13ACE8004BC0B6 /* UserDAODefaults.swift in Sources */,
				EEFE52A71B13911D008CC8F7 /* AppDelegate.swift in Sources */,
				8464B0031B13ACE8004BC0B6 /* User.swift in Sources */,
				8464B0061B13ACE8004BC0B6 /* UserManager.swift in Sources */,
				8464B0021B13ACE8004BC0B6 /* DaoFactory.swift in Sources */,
			);
			runOnlyForDeploymentPostprocessing = 0;
		};
		EEFE52B51B13911D008CC8F7 /* Sources */ = {
			isa = PBXSourcesBuildPhase;
			buildActionMask = 2147483647;
			files = (
				EEFE52C01B13911D008CC8F7 /* HortaTests.swift in Sources */,
			);
			runOnlyForDeploymentPostprocessing = 0;
		};
/* End PBXSourcesBuildPhase section */

/* Begin PBXTargetDependency section */
		EEFE52BB1B13911D008CC8F7 /* PBXTargetDependency */ = {
			isa = PBXTargetDependency;
			target = EEFE52A01B13911D008CC8F7 /* Horta */;
			targetProxy = EEFE52BA1B13911D008CC8F7 /* PBXContainerItemProxy */;
		};
/* End PBXTargetDependency section */

/* Begin PBXVariantGroup section */
		EEFE52AD1B13911D008CC8F7 /* Main.storyboard */ = {
			isa = PBXVariantGroup;
			children = (
				EEFE52AE1B13911D008CC8F7 /* Base */,
			);
			name = Main.storyboard;
			sourceTree = "<group>";
		};
		EEFE52B21B13911D008CC8F7 /* LaunchScreen.xib */ = {
			isa = PBXVariantGroup;
			children = (
				EEFE52B31B13911D008CC8F7 /* Base */,
			);
			name = LaunchScreen.xib;
			sourceTree = "<group>";
		};
/* End PBXVariantGroup section */

/* Begin XCBuildConfiguration section */
		EEFE52C11B13911D008CC8F7 /* Debug */ = {
			isa = XCBuildConfiguration;
			buildSettings = {
				ALWAYS_SEARCH_USER_PATHS = NO;
				CLANG_CXX_LANGUAGE_STANDARD = "gnu++0x";
				CLANG_CXX_LIBRARY = "libc++";
				CLANG_ENABLE_MODULES = YES;
				CLANG_ENABLE_OBJC_ARC = YES;
				CLANG_WARN_BOOL_CONVERSION = YES;
				CLANG_WARN_CONSTANT_CONVERSION = YES;
				CLANG_WARN_DIRECT_OBJC_ISA_USAGE = YES_ERROR;
				CLANG_WARN_EMPTY_BODY = YES;
				CLANG_WARN_ENUM_CONVERSION = YES;
				CLANG_WARN_INT_CONVERSION = YES;
				CLANG_WARN_OBJC_ROOT_CLASS = YES_ERROR;
				CLANG_WARN_UNREACHABLE_CODE = YES;
				CLANG_WARN__DUPLICATE_METHOD_MATCH = YES;
				"CODE_SIGN_IDENTITY[sdk=iphoneos*]" = "iPhone Developer";
				COPY_PHASE_STRIP = NO;
				DEBUG_INFORMATION_FORMAT = "dwarf-with-dsym";
				ENABLE_STRICT_OBJC_MSGSEND = YES;
				GCC_C_LANGUAGE_STANDARD = gnu99;
				GCC_DYNAMIC_NO_PIC = NO;
				GCC_NO_COMMON_BLOCKS = YES;
				GCC_OPTIMIZATION_LEVEL = 0;
				GCC_PREPROCESSOR_DEFINITIONS = (
					"DEBUG=1",
					"$(inherited)",
				);
				GCC_SYMBOLS_PRIVATE_EXTERN = NO;
				GCC_WARN_64_TO_32_BIT_CONVERSION = YES;
				GCC_WARN_ABOUT_RETURN_TYPE = YES_ERROR;
				GCC_WARN_UNDECLARED_SELECTOR = YES;
				GCC_WARN_UNINITIALIZED_AUTOS = YES_AGGRESSIVE;
				GCC_WARN_UNUSED_FUNCTION = YES;
				GCC_WARN_UNUSED_VARIABLE = YES;
				IPHONEOS_DEPLOYMENT_TARGET = 8.3;
				MTL_ENABLE_DEBUG_INFO = YES;
				ONLY_ACTIVE_ARCH = YES;
				SDKROOT = iphoneos;
				SWIFT_OPTIMIZATION_LEVEL = "-Onone";
			};
			name = Debug;
		};
		EEFE52C21B13911D008CC8F7 /* Release */ = {
			isa = XCBuildConfiguration;
			buildSettings = {
				ALWAYS_SEARCH_USER_PATHS = NO;
				CLANG_CXX_LANGUAGE_STANDARD = "gnu++0x";
				CLANG_CXX_LIBRARY = "libc++";
				CLANG_ENABLE_MODULES = YES;
				CLANG_ENABLE_OBJC_ARC = YES;
				CLANG_WARN_BOOL_CONVERSION = YES;
				CLANG_WARN_CONSTANT_CONVERSION = YES;
				CLANG_WARN_DIRECT_OBJC_ISA_USAGE = YES_ERROR;
				CLANG_WARN_EMPTY_BODY = YES;
				CLANG_WARN_ENUM_CONVERSION = YES;
				CLANG_WARN_INT_CONVERSION = YES;
				CLANG_WARN_OBJC_ROOT_CLASS = YES_ERROR;
				CLANG_WARN_UNREACHABLE_CODE = YES;
				CLANG_WARN__DUPLICATE_METHOD_MATCH = YES;
				"CODE_SIGN_IDENTITY[sdk=iphoneos*]" = "iPhone Developer";
				COPY_PHASE_STRIP = NO;
				DEBUG_INFORMATION_FORMAT = "dwarf-with-dsym";
				ENABLE_NS_ASSERTIONS = NO;
				ENABLE_STRICT_OBJC_MSGSEND = YES;
				GCC_C_LANGUAGE_STANDARD = gnu99;
				GCC_NO_COMMON_BLOCKS = YES;
				GCC_WARN_64_TO_32_BIT_CONVERSION = YES;
				GCC_WARN_ABOUT_RETURN_TYPE = YES_ERROR;
				GCC_WARN_UNDECLARED_SELECTOR = YES;
				GCC_WARN_UNINITIALIZED_AUTOS = YES_AGGRESSIVE;
				GCC_WARN_UNUSED_FUNCTION = YES;
				GCC_WARN_UNUSED_VARIABLE = YES;
				IPHONEOS_DEPLOYMENT_TARGET = 8.3;
				MTL_ENABLE_DEBUG_INFO = NO;
				SDKROOT = iphoneos;
				VALIDATE_PRODUCT = YES;
			};
			name = Release;
		};
		EEFE52C41B13911D008CC8F7 /* Debug */ = {
			isa = XCBuildConfiguration;
			buildSettings = {
				ASSETCATALOG_COMPILER_APPICON_NAME = AppIcon;
				CODE_SIGN_ENTITLEMENTS = Horta/Horta.entitlements;
				CODE_SIGN_IDENTITY = "iPhone Developer";
				"CODE_SIGN_IDENTITY[sdk=iphoneos*]" = "iPhone Developer";
				INFOPLIST_FILE = Horta/Info.plist;
				LD_RUNPATH_SEARCH_PATHS = "$(inherited) @executable_path/Frameworks";
				PRODUCT_NAME = "$(TARGET_NAME)";
				PROVISIONING_PROFILE = "";
			};
			name = Debug;
		};
		EEFE52C51B13911D008CC8F7 /* Release */ = {
			isa = XCBuildConfiguration;
			buildSettings = {
				ASSETCATALOG_COMPILER_APPICON_NAME = AppIcon;
				CODE_SIGN_ENTITLEMENTS = Horta/Horta.entitlements;
				CODE_SIGN_IDENTITY = "iPhone Developer";
				"CODE_SIGN_IDENTITY[sdk=iphoneos*]" = "iPhone Developer";
				INFOPLIST_FILE = Horta/Info.plist;
				LD_RUNPATH_SEARCH_PATHS = "$(inherited) @executable_path/Frameworks";
				PRODUCT_NAME = "$(TARGET_NAME)";
				PROVISIONING_PROFILE = "";
			};
			name = Release;
		};
		EEFE52C71B13911D008CC8F7 /* Debug */ = {
			isa = XCBuildConfiguration;
			buildSettings = {
				BUNDLE_LOADER = "$(TEST_HOST)";
				FRAMEWORK_SEARCH_PATHS = (
					"$(SDKROOT)/Developer/Library/Frameworks",
					"$(inherited)",
				);
				GCC_PREPROCESSOR_DEFINITIONS = (
					"DEBUG=1",
					"$(inherited)",
				);
				INFOPLIST_FILE = HortaTests/Info.plist;
				LD_RUNPATH_SEARCH_PATHS = "$(inherited) @executable_path/Frameworks @loader_path/Frameworks";
				PRODUCT_NAME = "$(TARGET_NAME)";
				TEST_HOST = "$(BUILT_PRODUCTS_DIR)/Horta.app/Horta";
			};
			name = Debug;
		};
		EEFE52C81B13911D008CC8F7 /* Release */ = {
			isa = XCBuildConfiguration;
			buildSettings = {
				BUNDLE_LOADER = "$(TEST_HOST)";
				FRAMEWORK_SEARCH_PATHS = (
					"$(SDKROOT)/Developer/Library/Frameworks",
					"$(inherited)",
				);
				INFOPLIST_FILE = HortaTests/Info.plist;
				LD_RUNPATH_SEARCH_PATHS = "$(inherited) @executable_path/Frameworks @loader_path/Frameworks";
				PRODUCT_NAME = "$(TARGET_NAME)";
				TEST_HOST = "$(BUILT_PRODUCTS_DIR)/Horta.app/Horta";
			};
			name = Release;
		};
/* End XCBuildConfiguration section */

/* Begin XCConfigurationList section */
		EEFE529C1B13911D008CC8F7 /* Build configuration list for PBXProject "Horta" */ = {
			isa = XCConfigurationList;
			buildConfigurations = (
				EEFE52C11B13911D008CC8F7 /* Debug */,
				EEFE52C21B13911D008CC8F7 /* Release */,
			);
			defaultConfigurationIsVisible = 0;
			defaultConfigurationName = Release;
		};
		EEFE52C31B13911D008CC8F7 /* Build configuration list for PBXNativeTarget "Horta" */ = {
			isa = XCConfigurationList;
			buildConfigurations = (
				EEFE52C41B13911D008CC8F7 /* Debug */,
				EEFE52C51B13911D008CC8F7 /* Release */,
			);
			defaultConfigurationIsVisible = 0;
			defaultConfigurationName = Release;
		};
		EEFE52C61B13911D008CC8F7 /* Build configuration list for PBXNativeTarget "HortaTests" */ = {
			isa = XCConfigurationList;
			buildConfigurations = (
				EEFE52C71B13911D008CC8F7 /* Debug */,
				EEFE52C81B13911D008CC8F7 /* Release */,
			);
			defaultConfigurationIsVisible = 0;
			defaultConfigurationName = Release;
		};
/* End XCConfigurationList section */

/* Begin XCVersionGroup section */
		EEFE52A81B13911D008CC8F7 /* Horta.xcdatamodeld */ = {
			isa = XCVersionGroup;
			children = (
				EEFE52A91B13911D008CC8F7 /* Horta.xcdatamodel */,
			);
			currentVersion = EEFE52A91B13911D008CC8F7 /* Horta.xcdatamodel */;
			path = Horta.xcdatamodeld;
			sourceTree = "<group>";
			versionGroupType = wrapper.xcdatamodel;
		};
/* End XCVersionGroup section */
	};
	rootObject = EEFE52991B13911D008CC8F7 /* Project object */;
}
