// !$*UTF8*$!
{
	archiveVersion = 1;
	classes = {
	};
	objectVersion = 46;
	objects = {

/* Begin PBXBuildFile section */
		84024FD31B17982B0089B9DD /* GardenDB.swift in Sources */ = {isa = PBXBuildFile; fileRef = 84024FD21B17982B0089B9DD /* GardenDB.swift */; };
		84024FD51B1799980089B9DD /* AddressDAOCloudKit.swift in Sources */ = {isa = PBXBuildFile; fileRef = 84024FD41B1799980089B9DD /* AddressDAOCloudKit.swift */; };
		84024FD71B17A2520089B9DD /* GardenManager.swift in Sources */ = {isa = PBXBuildFile; fileRef = 84024FD61B17A2520089B9DD /* GardenManager.swift */; };
		84024FD91B17A2E90089B9DD /* AddressManager.swift in Sources */ = {isa = PBXBuildFile; fileRef = 84024FD81B17A2E90089B9DD /* AddressManager.swift */; };
		84024FDB1B17F92F0089B9DD /* Tools.swift in Sources */ = {isa = PBXBuildFile; fileRef = 84024FDA1B17F92F0089B9DD /* Tools.swift */; };
		8464B0021B13ACE8004BC0B6 /* DaoFactory.swift in Sources */ = {isa = PBXBuildFile; fileRef = 8464AFFD1B13ACE8004BC0B6 /* DaoFactory.swift */; };
		8464B0031B13ACE8004BC0B6 /* User.swift in Sources */ = {isa = PBXBuildFile; fileRef = 8464AFFE1B13ACE8004BC0B6 /* User.swift */; };
		8464B0041B13ACE8004BC0B6 /* UserDAOCloudKit.swift in Sources */ = {isa = PBXBuildFile; fileRef = 8464AFFF1B13ACE8004BC0B6 /* UserDAOCloudKit.swift */; };
		8464B0051B13ACE8004BC0B6 /* UserDAODefaults.swift in Sources */ = {isa = PBXBuildFile; fileRef = 8464B0001B13ACE8004BC0B6 /* UserDAODefaults.swift */; };
		8464B0081B13AD98004BC0B6 /* UserDAO.swift in Sources */ = {isa = PBXBuildFile; fileRef = 8464B0071B13AD98004BC0B6 /* UserDAO.swift */; };
		84C62CEF1B14F1DC00DBC5E0 /* UserManager.swift in Sources */ = {isa = PBXBuildFile; fileRef = 84C62CEE1B14F1DC00DBC5E0 /* UserManager.swift */; };
		84F5D3601B16B89A00D8304C /* Plat.swift in Sources */ = {isa = PBXBuildFile; fileRef = 84F5D35F1B16B89A00D8304C /* Plat.swift */; };
		84F5D3631B16BA4500D8304C /* Garden.swift in Sources */ = {isa = PBXBuildFile; fileRef = 84F5D3621B16BA4500D8304C /* Garden.swift */; };
		84F5D3661B16BBEE00D8304C /* Address.swift in Sources */ = {isa = PBXBuildFile; fileRef = 84F5D3651B16BBEE00D8304C /* Address.swift */; };
		84F5D36A1B16C4B400D8304C /* CloudKit.framework in Frameworks */ = {isa = PBXBuildFile; fileRef = 84F5D3691B16C4B400D8304C /* CloudKit.framework */; };
		84F5D36C1B16C5F500D8304C /* iphone.png in Resources */ = {isa = PBXBuildFile; fileRef = 84F5D36B1B16C5F500D8304C /* iphone.png */; };
		84F5D36E1B16CA7200D8304C /* GardenDAOCloudKit.swift in Sources */ = {isa = PBXBuildFile; fileRef = 84F5D36D1B16CA7200D8304C /* GardenDAOCloudKit.swift */; };
		84F7FEFA1B16420900E66A13 /* CloudKitException.swift in Sources */ = {isa = PBXBuildFile; fileRef = 84F7FEF91B16420900E66A13 /* CloudKitException.swift */; };
		84F7FEFF1B16447100E66A13 /* DivergenceException.swift in Sources */ = {isa = PBXBuildFile; fileRef = 84F7FEFE1B16447100E66A13 /* DivergenceException.swift */; };
		84F7FF011B1647C500E66A13 /* EmptyFieldException.swift in Sources */ = {isa = PBXBuildFile; fileRef = 84F7FF001B1647C500E66A13 /* EmptyFieldException.swift */; };
		84F7FF031B16488600E66A13 /* OutOfBoundsException.swift in Sources */ = {isa = PBXBuildFile; fileRef = 84F7FF021B16488600E66A13 /* OutOfBoundsException.swift */; };
		84F7FF051B1649E300E66A13 /* UserNotFound.swift in Sources */ = {isa = PBXBuildFile; fileRef = 84F7FF041B1649E300E66A13 /* UserNotFound.swift */; };
		84F7FF071B164B5300E66A13 /* UnconnectedIcloud.swift in Sources */ = {isa = PBXBuildFile; fileRef = 84F7FF061B164B5300E66A13 /* UnconnectedIcloud.swift */; };
		84F7FF091B164BF400E66A13 /* ExceptionFactory.swift in Sources */ = {isa = PBXBuildFile; fileRef = 84F7FF081B164BF400E66A13 /* ExceptionFactory.swift */; };
		84F7FF0B1B165C4400E66A13 /* Product.swift in Sources */ = {isa = PBXBuildFile; fileRef = 84F7FF0A1B165C4400E66A13 /* Product.swift */; };
		84F7FF0D1B165DB500E66A13 /* ProductDAOCloudKit.swift in Sources */ = {isa = PBXBuildFile; fileRef = 84F7FF0C1B165DB500E66A13 /* ProductDAOCloudKit.swift */; };
		84F7FF101B1664ED00E66A13 /* ProductManager.swift in Sources */ = {isa = PBXBuildFile; fileRef = 84F7FF0F1B1664ED00E66A13 /* ProductManager.swift */; };
		84FB98C91B18F19C003E62C0 /* Script.swift in Sources */ = {isa = PBXBuildFile; fileRef = 84FB98C81B18F19C003E62C0 /* Script.swift */; };
		D691FF651B1670E700D413FC /* FBSDKCoreKit.framework in Frameworks */ = {isa = PBXBuildFile; fileRef = D691FF631B1670E700D413FC /* FBSDKCoreKit.framework */; };
		D691FF661B1670E700D413FC /* FBSDKLoginKit.framework in Frameworks */ = {isa = PBXBuildFile; fileRef = D691FF641B1670E700D413FC /* FBSDKLoginKit.framework */; };
		D691FF691B1672C000D413FC /* LoginController.swift in Sources */ = {isa = PBXBuildFile; fileRef = D691FF681B1672C000D413FC /* LoginController.swift */; };
		D6C694041B1CEE2F00827224 /* ViewControllerConfig.swift in Sources */ = {isa = PBXBuildFile; fileRef = D6C694031B1CEE2F00827224 /* ViewControllerConfig.swift */; };
		D6C694071B1CEF3900827224 /* UserConfig.swift in Sources */ = {isa = PBXBuildFile; fileRef = D6C694061B1CEF3900827224 /* UserConfig.swift */; };
		D6C6940E1B1CFE4200827224 /* ViewControllerHorta.swift in Sources */ = {isa = PBXBuildFile; fileRef = D6C6940D1B1CFE4200827224 /* ViewControllerHorta.swift */; };
		D6C694101B1CFE7300827224 /* ViewControllerLogin.swift in Sources */ = {isa = PBXBuildFile; fileRef = D6C6940F1B1CFE7300827224 /* ViewControllerLogin.swift */; };
		D6C694121B1D00DF00827224 /* GardenController.swift in Sources */ = {isa = PBXBuildFile; fileRef = D6C694111B1D00DF00827224 /* GardenController.swift */; };
		D6C694161B1D06F300827224 /* layout_item_horta.xib in Resources */ = {isa = PBXBuildFile; fileRef = D6C694151B1D06F300827224 /* layout_item_horta.xib */; };
		D6C694181B1D073E00827224 /* layout_item_horta.swift in Sources */ = {isa = PBXBuildFile; fileRef = D6C694171B1D073E00827224 /* layout_item_horta.swift */; };
		EE7B56FD1B18EA0A00967A33 /* CustomCell.swift in Sources */ = {isa = PBXBuildFile; fileRef = EE7B56FC1B18EA0A00967A33 /* CustomCell.swift */; };
		EE7B57011B19057300967A33 /* HortaTable.swift in Sources */ = {isa = PBXBuildFile; fileRef = EE7B57001B19057300967A33 /* HortaTable.swift */; };
		EEF255841B1663BE00DCC8BF /* PagedScrollViewController.swift in Sources */ = {isa = PBXBuildFile; fileRef = EEF255831B1663BE00DCC8BF /* PagedScrollViewController.swift */; };
		EEFE52A71B13911D008CC8F7 /* AppDelegate.swift in Sources */ = {isa = PBXBuildFile; fileRef = EEFE52A61B13911D008CC8F7 /* AppDelegate.swift */; };
		EEFE52AA1B13911D008CC8F7 /* Horta.xcdatamodeld in Sources */ = {isa = PBXBuildFile; fileRef = EEFE52A81B13911D008CC8F7 /* Horta.xcdatamodeld */; };
		EEFE52AC1B13911D008CC8F7 /* ViewController.swift in Sources */ = {isa = PBXBuildFile; fileRef = EEFE52AB1B13911D008CC8F7 /* ViewController.swift */; };
		EEFE52AF1B13911D008CC8F7 /* Main.storyboard in Resources */ = {isa = PBXBuildFile; fileRef = EEFE52AD1B13911D008CC8F7 /* Main.storyboard */; };
		EEFE52B11B13911D008CC8F7 /* Images.xcassets in Resources */ = {isa = PBXBuildFile; fileRef = EEFE52B01B13911D008CC8F7 /* Images.xcassets */; };
		EEFE52B41B13911D008CC8F7 /* LaunchScreen.xib in Resources */ = {isa = PBXBuildFile; fileRef = EEFE52B21B13911D008CC8F7 /* LaunchScreen.xib */; };
		EEFE52C01B13911D008CC8F7 /* HortaTests.swift in Sources */ = {isa = PBXBuildFile; fileRef = EEFE52BF1B13911D008CC8F7 /* HortaTests.swift */; };
/* End PBXBuildFile section */

/* Begin PBXContainerItemProxy section */
		EEFE52BA1B13911D008CC8F7 /* PBXContainerItemProxy */ = {
			isa = PBXContainerItemProxy;
			containerPortal = EEFE52991B13911D008CC8F7 /* Project object */;
			proxyType = 1;
			remoteGlobalIDString = EEFE52A01B13911D008CC8F7;
			remoteInfo = Horta;
		};
/* End PBXContainerItemProxy section */

/* Begin PBXFileReference section */
		84024FD21B17982B0089B9DD /* GardenDB.swift */ = {isa = PBXFileReference; fileEncoding = 4; lastKnownFileType = sourcecode.swift; name = GardenDB.swift; path = Modelos/Garden/GardenDB.swift; sourceTree = "<group>"; };
		84024FD41B1799980089B9DD /* AddressDAOCloudKit.swift */ = {isa = PBXFileReference; fileEncoding = 4; lastKnownFileType = sourcecode.swift; name = AddressDAOCloudKit.swift; path = Modelos/DAOs/AddressDAOCloudKit.swift; sourceTree = "<group>"; };
		84024FD61B17A2520089B9DD /* GardenManager.swift */ = {isa = PBXFileReference; fileEncoding = 4; lastKnownFileType = sourcecode.swift; name = GardenManager.swift; path = Modelos/Garden/GardenManager.swift; sourceTree = "<group>"; };
		84024FD81B17A2E90089B9DD /* AddressManager.swift */ = {isa = PBXFileReference; fileEncoding = 4; lastKnownFileType = sourcecode.swift; name = AddressManager.swift; path = Modelos/Others/AddressManager.swift; sourceTree = "<group>"; };
		84024FDA1B17F92F0089B9DD /* Tools.swift */ = {isa = PBXFileReference; fileEncoding = 4; lastKnownFileType = sourcecode.swift; name = Tools.swift; path = Modelos/Tools/Tools.swift; sourceTree = "<group>"; };
		8464AFFD1B13ACE8004BC0B6 /* DaoFactory.swift */ = {isa = PBXFileReference; fileEncoding = 4; lastKnownFileType = sourcecode.swift; name = DaoFactory.swift; path = Modelos/DAOs/DaoFactory.swift; sourceTree = "<group>"; };
		8464AFFE1B13ACE8004BC0B6 /* User.swift */ = {isa = PBXFileReference; fileEncoding = 4; lastKnownFileType = sourcecode.swift; name = User.swift; path = Modelos/DAOs/User.swift; sourceTree = "<group>"; };
		8464AFFF1B13ACE8004BC0B6 /* UserDAOCloudKit.swift */ = {isa = PBXFileReference; fileEncoding = 4; lastKnownFileType = sourcecode.swift; name = UserDAOCloudKit.swift; path = Modelos/DAOs/UserDAOCloudKit.swift; sourceTree = "<group>"; };
		8464B0001B13ACE8004BC0B6 /* UserDAODefaults.swift */ = {isa = PBXFileReference; fileEncoding = 4; lastKnownFileType = sourcecode.swift; name = UserDAODefaults.swift; path = Modelos/DAOs/UserDAODefaults.swift; sourceTree = "<group>"; };
		8464B0071B13AD98004BC0B6 /* UserDAO.swift */ = {isa = PBXFileReference; fileEncoding = 4; lastKnownFileType = sourcecode.swift; name = UserDAO.swift; path = Modelos/DAOs/UserDAO.swift; sourceTree = "<group>"; };
		84C62CEE1B14F1DC00DBC5E0 /* UserManager.swift */ = {isa = PBXFileReference; fileEncoding = 4; lastKnownFileType = sourcecode.swift; name = UserManager.swift; path = Modelos/User/UserManager.swift; sourceTree = "<group>"; };
		84F5D35F1B16B89A00D8304C /* Plat.swift */ = {isa = PBXFileReference; fileEncoding = 4; lastKnownFileType = sourcecode.swift; name = Plat.swift; path = Modelos/Plat/Plat.swift; sourceTree = "<group>"; };
		84F5D3621B16BA4500D8304C /* Garden.swift */ = {isa = PBXFileReference; fileEncoding = 4; lastKnownFileType = sourcecode.swift; name = Garden.swift; path = Modelos/Garden/Garden.swift; sourceTree = "<group>"; };
		84F5D3651B16BBEE00D8304C /* Address.swift */ = {isa = PBXFileReference; fileEncoding = 4; lastKnownFileType = sourcecode.swift; name = Address.swift; path = Modelos/Others/Address.swift; sourceTree = "<group>"; };
		84F5D3691B16C4B400D8304C /* CloudKit.framework */ = {isa = PBXFileReference; lastKnownFileType = wrapper.framework; name = CloudKit.framework; path = System/Library/Frameworks/CloudKit.framework; sourceTree = SDKROOT; };
		84F5D36B1B16C5F500D8304C /* iphone.png */ = {isa = PBXFileReference; lastKnownFileType = image.png; name = iphone.png; path = Imagens/iphone.png; sourceTree = "<group>"; };
		84F5D36D1B16CA7200D8304C /* GardenDAOCloudKit.swift */ = {isa = PBXFileReference; fileEncoding = 4; lastKnownFileType = sourcecode.swift; name = GardenDAOCloudKit.swift; path = Modelos/DAOs/GardenDAOCloudKit.swift; sourceTree = "<group>"; };
		84F7FEF91B16420900E66A13 /* CloudKitException.swift */ = {isa = PBXFileReference; fileEncoding = 4; lastKnownFileType = sourcecode.swift; name = CloudKitException.swift; path = Modelos/Tools/Exceptions/CloudKitException.swift; sourceTree = "<group>"; };
		84F7FEFE1B16447100E66A13 /* DivergenceException.swift */ = {isa = PBXFileReference; fileEncoding = 4; lastKnownFileType = sourcecode.swift; name = DivergenceException.swift; path = Modelos/Tools/Exceptions/DivergenceException.swift; sourceTree = "<group>"; };
		84F7FF001B1647C500E66A13 /* EmptyFieldException.swift */ = {isa = PBXFileReference; fileEncoding = 4; lastKnownFileType = sourcecode.swift; name = EmptyFieldException.swift; path = Modelos/Tools/Exceptions/EmptyFieldException.swift; sourceTree = "<group>"; };
		84F7FF021B16488600E66A13 /* OutOfBoundsException.swift */ = {isa = PBXFileReference; fileEncoding = 4; lastKnownFileType = sourcecode.swift; name = OutOfBoundsException.swift; path = Modelos/Tools/Exceptions/OutOfBoundsException.swift; sourceTree = "<group>"; };
		84F7FF041B1649E300E66A13 /* UserNotFound.swift */ = {isa = PBXFileReference; fileEncoding = 4; lastKnownFileType = sourcecode.swift; name = UserNotFound.swift; path = Modelos/Tools/Exceptions/UserNotFound.swift; sourceTree = "<group>"; };
		84F7FF061B164B5300E66A13 /* UnconnectedIcloud.swift */ = {isa = PBXFileReference; fileEncoding = 4; lastKnownFileType = sourcecode.swift; name = UnconnectedIcloud.swift; path = Modelos/Tools/Exceptions/UnconnectedIcloud.swift; sourceTree = "<group>"; };
		84F7FF081B164BF400E66A13 /* ExceptionFactory.swift */ = {isa = PBXFileReference; fileEncoding = 4; lastKnownFileType = sourcecode.swift; name = ExceptionFactory.swift; path = Modelos/Tools/Exceptions/ExceptionFactory.swift; sourceTree = "<group>"; };
		84F7FF0A1B165C4400E66A13 /* Product.swift */ = {isa = PBXFileReference; fileEncoding = 4; lastKnownFileType = sourcecode.swift; name = Product.swift; path = Modelos/Product.swift; sourceTree = "<group>"; };
		84F7FF0C1B165DB500E66A13 /* ProductDAOCloudKit.swift */ = {isa = PBXFileReference; fileEncoding = 4; lastKnownFileType = sourcecode.swift; name = ProductDAOCloudKit.swift; path = Modelos/DAOs/ProductDAOCloudKit.swift; sourceTree = "<group>"; };
		84F7FF0F1B1664ED00E66A13 /* ProductManager.swift */ = {isa = PBXFileReference; fileEncoding = 4; lastKnownFileType = sourcecode.swift; name = ProductManager.swift; path = Modelos/Product/ProductManager.swift; sourceTree = "<group>"; };
		84FB98C81B18F19C003E62C0 /* Script.swift */ = {isa = PBXFileReference; fileEncoding = 4; lastKnownFileType = sourcecode.swift; name = Script.swift; path = Modelos/Tools/Script.swift; sourceTree = "<group>"; };
		D691FF631B1670E700D413FC /* FBSDKCoreKit.framework */ = {isa = PBXFileReference; lastKnownFileType = wrapper.framework; name = FBSDKCoreKit.framework; path = Horta/Frameworks/Facebook/FBSDKCoreKit.framework; sourceTree = "<group>"; };
		D691FF641B1670E700D413FC /* FBSDKLoginKit.framework */ = {isa = PBXFileReference; lastKnownFileType = wrapper.framework; name = FBSDKLoginKit.framework; path = Horta/Frameworks/Facebook/FBSDKLoginKit.framework; sourceTree = "<group>"; };
		D691FF681B1672C000D413FC /* LoginController.swift */ = {isa = PBXFileReference; fileEncoding = 4; lastKnownFileType = sourcecode.swift; name = LoginController.swift; path = Modelos/User/LoginController.swift; sourceTree = "<group>"; };
		D6C694021B1CED5600827224 /* facebook_bridging_header.h */ = {isa = PBXFileReference; lastKnownFileType = sourcecode.c.h; name = facebook_bridging_header.h; path = Frameworks/Facebook/facebook_bridging_header.h; sourceTree = "<group>"; };
		D6C694031B1CEE2F00827224 /* ViewControllerConfig.swift */ = {isa = PBXFileReference; fileEncoding = 4; lastKnownFileType = sourcecode.swift; name = ViewControllerConfig.swift; path = ViewControllers/ViewControllerConfig.swift; sourceTree = "<group>"; };
		D6C694061B1CEF3900827224 /* UserConfig.swift */ = {isa = PBXFileReference; fileEncoding = 4; lastKnownFileType = sourcecode.swift; name = UserConfig.swift; path = Modelos/User/UserConfig.swift; sourceTree = "<group>"; };
		D6C6940D1B1CFE4200827224 /* ViewControllerHorta.swift */ = {isa = PBXFileReference; fileEncoding = 4; lastKnownFileType = sourcecode.swift; name = ViewControllerHorta.swift; path = ViewControllers/ViewControllerHorta.swift; sourceTree = "<group>"; };
		D6C6940F1B1CFE7300827224 /* ViewControllerLogin.swift */ = {isa = PBXFileReference; fileEncoding = 4; lastKnownFileType = sourcecode.swift; name = ViewControllerLogin.swift; path = ViewControllers/ViewControllerLogin.swift; sourceTree = "<group>"; };
		D6C694111B1D00DF00827224 /* GardenController.swift */ = {isa = PBXFileReference; fileEncoding = 4; lastKnownFileType = sourcecode.swift; name = GardenController.swift; path = Modelos/Garden/GardenController.swift; sourceTree = "<group>"; };
		D6C694151B1D06F300827224 /* layout_item_horta.xib */ = {isa = PBXFileReference; fileEncoding = 4; lastKnownFileType = file.xib; name = layout_item_horta.xib; path = Layouts/layout_item_horta.xib; sourceTree = "<group>"; };
		D6C694171B1D073E00827224 /* layout_item_horta.swift */ = {isa = PBXFileReference; fileEncoding = 4; lastKnownFileType = sourcecode.swift; name = layout_item_horta.swift; path = Layouts/layout_item_horta.swift; sourceTree = "<group>"; };
		EE7B56FC1B18EA0A00967A33 /* CustomCell.swift */ = {isa = PBXFileReference; fileEncoding = 4; lastKnownFileType = sourcecode.swift; path = CustomCell.swift; sourceTree = "<group>"; };
		EE7B57001B19057300967A33 /* HortaTable.swift */ = {isa = PBXFileReference; fileEncoding = 4; lastKnownFileType = sourcecode.swift; path = HortaTable.swift; sourceTree = "<group>"; };
		EEF255831B1663BE00DCC8BF /* PagedScrollViewController.swift */ = {isa = PBXFileReference; fileEncoding = 4; lastKnownFileType = sourcecode.swift; path = PagedScrollViewController.swift; sourceTree = "<group>"; };
		EEFE52A11B13911D008CC8F7 /* Horta.app */ = {isa = PBXFileReference; explicitFileType = wrapper.application; includeInIndex = 0; path = Horta.app; sourceTree = BUILT_PRODUCTS_DIR; };
		EEFE52A51B13911D008CC8F7 /* Info.plist */ = {isa = PBXFileReference; lastKnownFileType = text.plist.xml; path = Info.plist; sourceTree = "<group>"; };
		EEFE52A61B13911D008CC8F7 /* AppDelegate.swift */ = {isa = PBXFileReference; lastKnownFileType = sourcecode.swift; path = AppDelegate.swift; sourceTree = "<group>"; };
		EEFE52A91B13911D008CC8F7 /* Horta.xcdatamodel */ = {isa = PBXFileReference; lastKnownFileType = wrapper.xcdatamodel; path = Horta.xcdatamodel; sourceTree = "<group>"; };
		EEFE52AB1B13911D008CC8F7 /* ViewController.swift */ = {isa = PBXFileReference; lastKnownFileType = sourcecode.swift; path = ViewController.swift; sourceTree = "<group>"; };
		EEFE52AE1B13911D008CC8F7 /* Base */ = {isa = PBXFileReference; lastKnownFileType = file.storyboard; name = Base; path = Base.lproj/Main.storyboard; sourceTree = "<group>"; };
		EEFE52B01B13911D008CC8F7 /* Images.xcassets */ = {isa = PBXFileReference; lastKnownFileType = folder.assetcatalog; path = Images.xcassets; sourceTree = "<group>"; };
		EEFE52B31B13911D008CC8F7 /* Base */ = {isa = PBXFileReference; lastKnownFileType = file.xib; name = Base; path = Base.lproj/LaunchScreen.xib; sourceTree = "<group>"; };
		EEFE52B91B13911D008CC8F7 /* HortaTests.xctest */ = {isa = PBXFileReference; explicitFileType = wrapper.cfbundle; includeInIndex = 0; path = HortaTests.xctest; sourceTree = BUILT_PRODUCTS_DIR; };
		EEFE52BE1B13911D008CC8F7 /* Info.plist */ = {isa = PBXFileReference; lastKnownFileType = text.plist.xml; path = Info.plist; sourceTree = "<group>"; };
		EEFE52BF1B13911D008CC8F7 /* HortaTests.swift */ = {isa = PBXFileReference; lastKnownFileType = sourcecode.swift; path = HortaTests.swift; sourceTree = "<group>"; };
		EEFE52C91B13A1C3008CC8F7 /* Horta.entitlements */ = {isa = PBXFileReference; lastKnownFileType = text.xml; path = Horta.entitlements; sourceTree = "<group>"; };
/* End PBXFileReference section */

/* Begin PBXFrameworksBuildPhase section */
		EEFE529E1B13911D008CC8F7 /* Frameworks */ = {
			isa = PBXFrameworksBuildPhase;
			buildActionMask = 2147483647;
			files = (
				84F5D36A1B16C4B400D8304C /* CloudKit.framework in Frameworks */,
				D691FF651B1670E700D413FC /* FBSDKCoreKit.framework in Frameworks */,
				D691FF661B1670E700D413FC /* FBSDKLoginKit.framework in Frameworks */,
			);
			runOnlyForDeploymentPostprocessing = 0;
		};
		EEFE52B61B13911D008CC8F7 /* Frameworks */ = {
			isa = PBXFrameworksBuildPhase;
			buildActionMask = 2147483647;
			files = (
			);
			runOnlyForDeploymentPostprocessing = 0;
		};
/* End PBXFrameworksBuildPhase section */

/* Begin PBXGroup section */
		8464AFF71B13A6E1004BC0B6 /* Modelos */ = {
			isa = PBXGroup;
			children = (
				84F5D3641B16BBC600D8304C /* Others */,
				84F5D3611B16B9DB00D8304C /* Garden */,
				84F5D35E1B16B84800D8304C /* Plat */,
				84F7FF0E1B16646000E66A13 /* Product */,
				84F7FEF61B163FFF00E66A13 /* Tools */,
				84C62CED1B14F1AF00DBC5E0 /* User */,
				8464AFFC1B13AC15004BC0B6 /* DAO */,
			);
			name = Modelos;
			sourceTree = "<group>";
		};
		8464AFF91B13A6F3004BC0B6 /* Controladores */ = {
			isa = PBXGroup;
			children = (
				D6C6940F1B1CFE7300827224 /* ViewControllerLogin.swift */,
				D6C694031B1CEE2F00827224 /* ViewControllerConfig.swift */,
				EE7B57001B19057300967A33 /* HortaTable.swift */,
				D6C6940D1B1CFE4200827224 /* ViewControllerHorta.swift */,
			);
			name = Controladores;
			sourceTree = "<group>";
		};
		8464AFFA1B13A70A004BC0B6 /* Imagens */ = {
			isa = PBXGroup;
			children = (
				84F5D36B1B16C5F500D8304C /* iphone.png */,
			);
			name = Imagens;
			sourceTree = "<group>";
		};
		8464AFFC1B13AC15004BC0B6 /* DAO */ = {
			isa = PBXGroup;
			children = (
				8464AFFD1B13ACE8004BC0B6 /* DaoFactory.swift */,
				8464AFFF1B13ACE8004BC0B6 /* UserDAOCloudKit.swift */,
				8464B0001B13ACE8004BC0B6 /* UserDAODefaults.swift */,
				8464B0071B13AD98004BC0B6 /* UserDAO.swift */,
				84F7FF0C1B165DB500E66A13 /* ProductDAOCloudKit.swift */,
				84F5D36D1B16CA7200D8304C /* GardenDAOCloudKit.swift */,
				84024FD41B1799980089B9DD /* AddressDAOCloudKit.swift */,
			);
			name = DAO;
			sourceTree = "<group>";
		};
		84C62CED1B14F1AF00DBC5E0 /* User */ = {
			isa = PBXGroup;
			children = (
				D6C694061B1CEF3900827224 /* UserConfig.swift */,
				D6C694021B1CED5600827224 /* facebook_bridging_header.h */,
				8464AFFE1B13ACE8004BC0B6 /* User.swift */,
				84C62CEE1B14F1DC00DBC5E0 /* UserManager.swift */,
				D691FF681B1672C000D413FC /* LoginController.swift */,
			);
			name = User;
			sourceTree = "<group>";
		};
		84F5D35E1B16B84800D8304C /* Plat */ = {
			isa = PBXGroup;
			children = (
				84F5D35F1B16B89A00D8304C /* Plat.swift */,
			);
			name = Plat;
			sourceTree = "<group>";
		};
		84F5D3611B16B9DB00D8304C /* Garden */ = {
			isa = PBXGroup;
			children = (
				84F5D3621B16BA4500D8304C /* Garden.swift */,
				84024FD21B17982B0089B9DD /* GardenDB.swift */,
				84024FD61B17A2520089B9DD /* GardenManager.swift */,
				D6C694111B1D00DF00827224 /* GardenController.swift */,
			);
			name = Garden;
			sourceTree = "<group>";
		};
		84F5D3641B16BBC600D8304C /* Others */ = {
			isa = PBXGroup;
			children = (
				84F5D3651B16BBEE00D8304C /* Address.swift */,
				84024FD81B17A2E90089B9DD /* AddressManager.swift */,
				84FB98C81B18F19C003E62C0 /* Script.swift */,
			);
			name = Others;
			sourceTree = "<group>";
		};
		84F7FEF61B163FFF00E66A13 /* Tools */ = {
			isa = PBXGroup;
			children = (
				84F7FEFB1B1642EC00E66A13 /* Exceptions */,
				84024FDA1B17F92F0089B9DD /* Tools.swift */,
			);
			name = Tools;
			sourceTree = "<group>";
		};
		84F7FEFB1B1642EC00E66A13 /* Exceptions */ = {
			isa = PBXGroup;
			children = (
				84F7FEF91B16420900E66A13 /* CloudKitException.swift */,
				84F7FEFE1B16447100E66A13 /* DivergenceException.swift */,
				84F7FF001B1647C500E66A13 /* EmptyFieldException.swift */,
				84F7FF021B16488600E66A13 /* OutOfBoundsException.swift */,
				84F7FF041B1649E300E66A13 /* UserNotFound.swift */,
				84F7FF061B164B5300E66A13 /* UnconnectedIcloud.swift */,
				84F7FF081B164BF400E66A13 /* ExceptionFactory.swift */,
			);
			name = Exceptions;
			sourceTree = "<group>";
		};
		84F7FF0E1B16646000E66A13 /* Product */ = {
			isa = PBXGroup;
			children = (
				84F7FF0A1B165C4400E66A13 /* Product.swift */,
				84F7FF0F1B1664ED00E66A13 /* ProductManager.swift */,
				D6C694171B1D073E00827224 /* layout_item_horta.swift */,
			);
			name = Product;
			sourceTree = "<group>";
		};
		D6C6940C1B1CFDFB00827224 /* Layouts */ = {
			isa = PBXGroup;
			children = (
				D6C694151B1D06F300827224 /* layout_item_horta.xib */,
			);
			name = Layouts;
			sourceTree = "<group>";
		};
		EEFE52981B13911D008CC8F7 = {
			isa = PBXGroup;
			children = (
				84F5D3691B16C4B400D8304C /* CloudKit.framework */,
				D691FF631B1670E700D413FC /* FBSDKCoreKit.framework */,
				D691FF641B1670E700D413FC /* FBSDKLoginKit.framework */,
				EEFE52A31B13911D008CC8F7 /* Horta */,
				EEFE52BC1B13911D008CC8F7 /* HortaTests */,
				EEFE52A21B13911D008CC8F7 /* Products */,
			);
			sourceTree = "<group>";
		};
		EEFE52A21B13911D008CC8F7 /* Products */ = {
			isa = PBXGroup;
			children = (
				EEFE52A11B13911D008CC8F7 /* Horta.app */,
				EEFE52B91B13911D008CC8F7 /* HortaTests.xctest */,
			);
			name = Products;
			sourceTree = "<group>";
		};
		EEFE52A31B13911D008CC8F7 /* Horta */ = {
			isa = PBXGroup;
			children = (
				D6C6940C1B1CFDFB00827224 /* Layouts */,
				8464AFFA1B13A70A004BC0B6 /* Imagens */,
				8464AFF91B13A6F3004BC0B6 /* Controladores */,
				8464AFF71B13A6E1004BC0B6 /* Modelos */,
				EEFE52C91B13A1C3008CC8F7 /* Horta.entitlements */,
				EE7B56FC1B18EA0A00967A33 /* CustomCell.swift */,
				EEFE52A61B13911D008CC8F7 /* AppDelegate.swift */,
				EEFE52AB1B13911D008CC8F7 /* ViewController.swift */,
				EEF255831B1663BE00DCC8BF /* PagedScrollViewController.swift */,
				EEFE52AD1B13911D008CC8F7 /* Main.storyboard */,
				EEFE52B01B13911D008CC8F7 /* Images.xcassets */,
				EEFE52B21B13911D008CC8F7 /* LaunchScreen.xib */,
				EEFE52A81B13911D008CC8F7 /* Horta.xcdatamodeld */,
				EEFE52A41B13911D008CC8F7 /* Supporting Files */,
			);
			path = Horta;
			sourceTree = "<group>";
		};
		EEFE52A41B13911D008CC8F7 /* Supporting Files */ = {
			isa = PBXGroup;
			children = (
				EEFE52A51B13911D008CC8F7 /* Info.plist */,
			);
			name = "Supporting Files";
			sourceTree = "<group>";
		};
		EEFE52BC1B13911D008CC8F7 /* HortaTests */ = {
			isa = PBXGroup;
			children = (
				EEFE52BF1B13911D008CC8F7 /* HortaTests.swift */,
				EEFE52BD1B13911D008CC8F7 /* Supporting Files */,
			);
			path = HortaTests;
			sourceTree = "<group>";
		};
		EEFE52BD1B13911D008CC8F7 /* Supporting Files */ = {
			isa = PBXGroup;
			children = (
				EEFE52BE1B13911D008CC8F7 /* Info.plist */,
			);
			name = "Supporting Files";
			sourceTree = "<group>";
		};
/* End PBXGroup section */

/* Begin PBXNativeTarget section */
		EEFE52A01B13911D008CC8F7 /* Horta */ = {
			isa = PBXNativeTarget;
			buildConfigurationList = EEFE52C31B13911D008CC8F7 /* Build configuration list for PBXNativeTarget "Horta" */;
			buildPhases = (
				EEFE529D1B13911D008CC8F7 /* Sources */,
				EEFE529E1B13911D008CC8F7 /* Frameworks */,
				EEFE529F1B13911D008CC8F7 /* Resources */,
			);
			buildRules = (
			);
			dependencies = (
			);
			name = Horta;
			productName = Horta;
			productReference = EEFE52A11B13911D008CC8F7 /* Horta.app */;
			productType = "com.apple.product-type.application";
		};
		EEFE52B81B13911D008CC8F7 /* HortaTests */ = {
			isa = PBXNativeTarget;
			buildConfigurationList = EEFE52C61B13911D008CC8F7 /* Build configuration list for PBXNativeTarget "HortaTests" */;
			buildPhases = (
				EEFE52B51B13911D008CC8F7 /* Sources */,
				EEFE52B61B13911D008CC8F7 /* Frameworks */,
				EEFE52B71B13911D008CC8F7 /* Resources */,
			);
			buildRules = (
			);
			dependencies = (
				EEFE52BB1B13911D008CC8F7 /* PBXTargetDependency */,
			);
			name = HortaTests;
			productName = HortaTests;
			productReference = EEFE52B91B13911D008CC8F7 /* HortaTests.xctest */;
			productType = "com.apple.product-type.bundle.unit-test";
		};
/* End PBXNativeTarget section */

/* Begin PBXProject section */
		EEFE52991B13911D008CC8F7 /* Project object */ = {
			isa = PBXProject;
			attributes = {
				LastUpgradeCheck = 0630;
				ORGANIZATIONNAME = "Pedro Alcaide";
				TargetAttributes = {
					EEFE52A01B13911D008CC8F7 = {
						CreatedOnToolsVersion = 6.3.1;
						DevelopmentTeam = FH5CMKBGNN;
						SystemCapabilities = {
							com.apple.iCloud = {
								enabled = 1;
							};
						};
					};
					EEFE52B81B13911D008CC8F7 = {
						CreatedOnToolsVersion = 6.3.1;
						TestTargetID = EEFE52A01B13911D008CC8F7;
					};
				};
			};
			buildConfigurationList = EEFE529C1B13911D008CC8F7 /* Build configuration list for PBXProject "Horta" */;
			compatibilityVersion = "Xcode 3.2";
			developmentRegion = English;
			hasScannedForEncodings = 0;
			knownRegions = (
				en,
				Base,
			);
			mainGroup = EEFE52981B13911D008CC8F7;
			productRefGroup = EEFE52A21B13911D008CC8F7 /* Products */;
			projectDirPath = "";
			projectRoot = "";
			targets = (
				EEFE52A01B13911D008CC8F7 /* Horta */,
				EEFE52B81B13911D008CC8F7 /* HortaTests */,
			);
		};
/* End PBXProject section */

/* Begin PBXResourcesBuildPhase section */
		EEFE529F1B13911D008CC8F7 /* Resources */ = {
			isa = PBXResourcesBuildPhase;
			buildActionMask = 2147483647;
			files = (
				D6C694161B1D06F300827224 /* layout_item_horta.xib in Resources */,
				84F5D36C1B16C5F500D8304C /* iphone.png in Resources */,
				EEFE52AF1B13911D008CC8F7 /* Main.storyboard in Resources */,
				EEFE52B41B13911D008CC8F7 /* LaunchScreen.xib in Resources */,
				EEFE52B11B13911D008CC8F7 /* Images.xcassets in Resources */,
			);
			runOnlyForDeploymentPostprocessing = 0;
		};
		EEFE52B71B13911D008CC8F7 /* Resources */ = {
			isa = PBXResourcesBuildPhase;
			buildActionMask = 2147483647;
			files = (
			);
			runOnlyForDeploymentPostprocessing = 0;
		};
/* End PBXResourcesBuildPhase section */

/* Begin PBXSourcesBuildPhase section */
		EEFE529D1B13911D008CC8F7 /* Sources */ = {
			isa = PBXSourcesBuildPhase;
			buildActionMask = 2147483647;
			files = (
				84F5D36E1B16CA7200D8304C /* GardenDAOCloudKit.swift in Sources */,
				84F7FEFA1B16420900E66A13 /* CloudKitException.swift in Sources */,
				D6C694121B1D00DF00827224 /* GardenController.swift in Sources */,
				D6C694181B1D073E00827224 /* layout_item_horta.swift in Sources */,
				84F7FF071B164B5300E66A13 /* UnconnectedIcloud.swift in Sources */,
				D6C694101B1CFE7300827224 /* ViewControllerLogin.swift in Sources */,
				EEFE52AC1B13911D008CC8F7 /* ViewController.swift in Sources */,
				EEF255841B1663BE00DCC8BF /* PagedScrollViewController.swift in Sources */,
				84F7FF011B1647C500E66A13 /* EmptyFieldException.swift in Sources */,
				EE7B56FD1B18EA0A00967A33 /* CustomCell.swift in Sources */,
				EEFE52AA1B13911D008CC8F7 /* Horta.xcdatamodeld in Sources */,
				D6C694041B1CEE2F00827224 /* ViewControllerConfig.swift in Sources */,
				84F5D3661B16BBEE00D8304C /* Address.swift in Sources */,
				84F7FF0D1B165DB500E66A13 /* ProductDAOCloudKit.swift in Sources */,
				84024FDB1B17F92F0089B9DD /* Tools.swift in Sources */,
				EE7B57011B19057300967A33 /* HortaTable.swift in Sources */,
				84F7FF0B1B165C4400E66A13 /* Product.swift in Sources */,
				84024FD71B17A2520089B9DD /* GardenManager.swift in Sources */,
				8464B0041B13ACE8004BC0B6 /* UserDAOCloudKit.swift in Sources */,
				84F7FF101B1664ED00E66A13 /* ProductManager.swift in Sources */,
				84F5D3601B16B89A00D8304C /* Plat.swift in Sources */,
				D691FF691B1672C000D413FC /* LoginController.swift in Sources */,
				8464B0051B13ACE8004BC0B6 /* UserDAODefaults.swift in Sources */,
				D6C694071B1CEF3900827224 /* UserConfig.swift in Sources */,
				84F5D3631B16BA4500D8304C /* Garden.swift in Sources */,
				EEFE52A71B13911D008CC8F7 /* AppDelegate.swift in Sources */,
				84F7FF091B164BF400E66A13 /* ExceptionFactory.swift in Sources */,
				84F7FEFF1B16447100E66A13 /* DivergenceException.swift in Sources */,
				8464B0031B13ACE8004BC0B6 /* User.swift in Sources */,
				84024FD91B17A2E90089B9DD /* AddressManager.swift in Sources */,
				8464B0081B13AD98004BC0B6 /* UserDAO.swift in Sources */,
				84F7FF031B16488600E66A13 /* OutOfBoundsException.swift in Sources */,
				84024FD31B17982B0089B9DD /* GardenDB.swift in Sources */,
				84C62CEF1B14F1DC00DBC5E0 /* UserManager.swift in Sources */,
				8464B0021B13ACE8004BC0B6 /* DaoFactory.swift in Sources */,
				84F7FF051B1649E300E66A13 /* UserNotFound.swift in Sources */,
				84FB98C91B18F19C003E62C0 /* Script.swift in Sources */,
				84024FD51B1799980089B9DD /* AddressDAOCloudKit.swift in Sources */,
				D6C6940E1B1CFE4200827224 /* ViewControllerHorta.swift in Sources */,
			);
			runOnlyForDeploymentPostprocessing = 0;
		};
		EEFE52B51B13911D008CC8F7 /* Sources */ = {
			isa = PBXSourcesBuildPhase;
			buildActionMask = 2147483647;
			files = (
				EEFE52C01B13911D008CC8F7 /* HortaTests.swift in Sources */,
			);
			runOnlyForDeploymentPostprocessing = 0;
		};
/* End PBXSourcesBuildPhase section */

/* Begin PBXTargetDependency section */
		EEFE52BB1B13911D008CC8F7 /* PBXTargetDependency */ = {
			isa = PBXTargetDependency;
			target = EEFE52A01B13911D008CC8F7 /* Horta */;
			targetProxy = EEFE52BA1B13911D008CC8F7 /* PBXContainerItemProxy */;
		};
/* End PBXTargetDependency section */

/* Begin PBXVariantGroup section */
		EEFE52AD1B13911D008CC8F7 /* Main.storyboard */ = {
			isa = PBXVariantGroup;
			children = (
				EEFE52AE1B13911D008CC8F7 /* Base */,
			);
			name = Main.storyboard;
			sourceTree = "<group>";
		};
		EEFE52B21B13911D008CC8F7 /* LaunchScreen.xib */ = {
			isa = PBXVariantGroup;
			children = (
				EEFE52B31B13911D008CC8F7 /* Base */,
			);
			name = LaunchScreen.xib;
			sourceTree = "<group>";
		};
/* End PBXVariantGroup section */

/* Begin XCBuildConfiguration section */
		EEFE52C11B13911D008CC8F7 /* Debug */ = {
			isa = XCBuildConfiguration;
			buildSettings = {
				ALWAYS_SEARCH_USER_PATHS = NO;
				CLANG_CXX_LANGUAGE_STANDARD = "gnu++0x";
				CLANG_CXX_LIBRARY = "libc++";
				CLANG_ENABLE_MODULES = YES;
				CLANG_ENABLE_OBJC_ARC = YES;
				CLANG_WARN_BOOL_CONVERSION = YES;
				CLANG_WARN_CONSTANT_CONVERSION = YES;
				CLANG_WARN_DIRECT_OBJC_ISA_USAGE = YES_ERROR;
				CLANG_WARN_EMPTY_BODY = YES;
				CLANG_WARN_ENUM_CONVERSION = YES;
				CLANG_WARN_INT_CONVERSION = YES;
				CLANG_WARN_OBJC_ROOT_CLASS = YES_ERROR;
				CLANG_WARN_UNREACHABLE_CODE = YES;
				CLANG_WARN__DUPLICATE_METHOD_MATCH = YES;
				"CODE_SIGN_IDENTITY[sdk=iphoneos*]" = "iPhone Developer";
				COPY_PHASE_STRIP = NO;
				DEBUG_INFORMATION_FORMAT = "dwarf-with-dsym";
				ENABLE_STRICT_OBJC_MSGSEND = YES;
				GCC_C_LANGUAGE_STANDARD = gnu99;
				GCC_DYNAMIC_NO_PIC = NO;
				GCC_NO_COMMON_BLOCKS = YES;
				GCC_OPTIMIZATION_LEVEL = 0;
				GCC_PREPROCESSOR_DEFINITIONS = (
					"DEBUG=1",
					"$(inherited)",
				);
				GCC_SYMBOLS_PRIVATE_EXTERN = NO;
				GCC_WARN_64_TO_32_BIT_CONVERSION = YES;
				GCC_WARN_ABOUT_RETURN_TYPE = YES_ERROR;
				GCC_WARN_UNDECLARED_SELECTOR = YES;
				GCC_WARN_UNINITIALIZED_AUTOS = YES_AGGRESSIVE;
				GCC_WARN_UNUSED_FUNCTION = YES;
				GCC_WARN_UNUSED_VARIABLE = YES;
				IPHONEOS_DEPLOYMENT_TARGET = 8.3;
				MTL_ENABLE_DEBUG_INFO = YES;
				ONLY_ACTIVE_ARCH = YES;
				SDKROOT = iphoneos;
				SWIFT_OPTIMIZATION_LEVEL = "-Onone";
			};
			name = Debug;
		};
		EEFE52C21B13911D008CC8F7 /* Release */ = {
			isa = XCBuildConfiguration;
			buildSettings = {
				ALWAYS_SEARCH_USER_PATHS = NO;
				CLANG_CXX_LANGUAGE_STANDARD = "gnu++0x";
				CLANG_CXX_LIBRARY = "libc++";
				CLANG_ENABLE_MODULES = YES;
				CLANG_ENABLE_OBJC_ARC = YES;
				CLANG_WARN_BOOL_CONVERSION = YES;
				CLANG_WARN_CONSTANT_CONVERSION = YES;
				CLANG_WARN_DIRECT_OBJC_ISA_USAGE = YES_ERROR;
				CLANG_WARN_EMPTY_BODY = YES;
				CLANG_WARN_ENUM_CONVERSION = YES;
				CLANG_WARN_INT_CONVERSION = YES;
				CLANG_WARN_OBJC_ROOT_CLASS = YES_ERROR;
				CLANG_WARN_UNREACHABLE_CODE = YES;
				CLANG_WARN__DUPLICATE_METHOD_MATCH = YES;
				"CODE_SIGN_IDENTITY[sdk=iphoneos*]" = "iPhone Developer";
				COPY_PHASE_STRIP = NO;
				DEBUG_INFORMATION_FORMAT = "dwarf-with-dsym";
				ENABLE_NS_ASSERTIONS = NO;
				ENABLE_STRICT_OBJC_MSGSEND = YES;
				GCC_C_LANGUAGE_STANDARD = gnu99;
				GCC_NO_COMMON_BLOCKS = YES;
				GCC_WARN_64_TO_32_BIT_CONVERSION = YES;
				GCC_WARN_ABOUT_RETURN_TYPE = YES_ERROR;
				GCC_WARN_UNDECLARED_SELECTOR = YES;
				GCC_WARN_UNINITIALIZED_AUTOS = YES_AGGRESSIVE;
				GCC_WARN_UNUSED_FUNCTION = YES;
				GCC_WARN_UNUSED_VARIABLE = YES;
				IPHONEOS_DEPLOYMENT_TARGET = 8.3;
				MTL_ENABLE_DEBUG_INFO = NO;
				SDKROOT = iphoneos;
				VALIDATE_PRODUCT = YES;
			};
			name = Release;
		};
		EEFE52C41B13911D008CC8F7 /* Debug */ = {
			isa = XCBuildConfiguration;
			buildSettings = {
				ASSETCATALOG_COMPILER_APPICON_NAME = AppIcon;
				CODE_SIGN_ENTITLEMENTS = Horta/Horta.entitlements;
				CODE_SIGN_IDENTITY = "iPhone Developer";
				"CODE_SIGN_IDENTITY[sdk=iphoneos*]" = "iPhone Developer";
				FRAMEWORK_SEARCH_PATHS = (
					"$(inherited)",
					/Users/felipedeluca_bepid/Documents/FacebookSDK,
					"$(PROJECT_DIR)/Horta/Frameworks/Facebook",
				);
				INFOPLIST_FILE = Horta/Info.plist;
				LD_RUNPATH_SEARCH_PATHS = "$(inherited) @executable_path/Frameworks";
				PRODUCT_NAME = "$(TARGET_NAME)";
				PROVISIONING_PROFILE = "";
				SWIFT_OBJC_BRIDGING_HEADER = Horta/Frameworks/Facebook/facebook_bridging_header.h;
			};
			name = Debug;
		};
		EEFE52C51B13911D008CC8F7 /* Release */ = {
			isa = XCBuildConfiguration;
			buildSettings = {
				ASSETCATALOG_COMPILER_APPICON_NAME = AppIcon;
				CODE_SIGN_ENTITLEMENTS = Horta/Horta.entitlements;
				CODE_SIGN_IDENTITY = "iPhone Developer";
				"CODE_SIGN_IDENTITY[sdk=iphoneos*]" = "iPhone Developer";
				FRAMEWORK_SEARCH_PATHS = (
					"$(inherited)",
					/Users/felipedeluca_bepid/Documents/FacebookSDK,
					"$(PROJECT_DIR)/Horta/Frameworks/Facebook",
				);
				INFOPLIST_FILE = Horta/Info.plist;
				LD_RUNPATH_SEARCH_PATHS = "$(inherited) @executable_path/Frameworks";
				PRODUCT_NAME = "$(TARGET_NAME)";
				PROVISIONING_PROFILE = "";
				SWIFT_OBJC_BRIDGING_HEADER = Horta/Frameworks/Facebook/facebook_bridging_header.h;
			};
			name = Release;
		};
		EEFE52C71B13911D008CC8F7 /* Debug */ = {
			isa = XCBuildConfiguration;
			buildSettings = {
				BUNDLE_LOADER = "$(TEST_HOST)";
				FRAMEWORK_SEARCH_PATHS = (
					"$(SDKROOT)/Developer/Library/Frameworks",
					"$(inherited)",
				);
				GCC_PREPROCESSOR_DEFINITIONS = (
					"DEBUG=1",
					"$(inherited)",
				);
				INFOPLIST_FILE = HortaTests/Info.plist;
				LD_RUNPATH_SEARCH_PATHS = "$(inherited) @executable_path/Frameworks @loader_path/Frameworks";
				PRODUCT_NAME = "$(TARGET_NAME)";
				TEST_HOST = "$(BUILT_PRODUCTS_DIR)/Horta.app/Horta";
			};
			name = Debug;
		};
		EEFE52C81B13911D008CC8F7 /* Release */ = {
			isa = XCBuildConfiguration;
			buildSettings = {
				BUNDLE_LOADER = "$(TEST_HOST)";
				FRAMEWORK_SEARCH_PATHS = (
					"$(SDKROOT)/Developer/Library/Frameworks",
					"$(inherited)",
				);
				INFOPLIST_FILE = HortaTests/Info.plist;
				LD_RUNPATH_SEARCH_PATHS = "$(inherited) @executable_path/Frameworks @loader_path/Frameworks";
				PRODUCT_NAME = "$(TARGET_NAME)";
				TEST_HOST = "$(BUILT_PRODUCTS_DIR)/Horta.app/Horta";
			};
			name = Release;
		};
/* End XCBuildConfiguration section */

/* Begin XCConfigurationList section */
		EEFE529C1B13911D008CC8F7 /* Build configuration list for PBXProject "Horta" */ = {
			isa = XCConfigurationList;
			buildConfigurations = (
				EEFE52C11B13911D008CC8F7 /* Debug */,
				EEFE52C21B13911D008CC8F7 /* Release */,
			);
			defaultConfigurationIsVisible = 0;
			defaultConfigurationName = Release;
		};
		EEFE52C31B13911D008CC8F7 /* Build configuration list for PBXNativeTarget "Horta" */ = {
			isa = XCConfigurationList;
			buildConfigurations = (
				EEFE52C41B13911D008CC8F7 /* Debug */,
				EEFE52C51B13911D008CC8F7 /* Release */,
			);
			defaultConfigurationIsVisible = 0;
			defaultConfigurationName = Release;
		};
		EEFE52C61B13911D008CC8F7 /* Build configuration list for PBXNativeTarget "HortaTests" */ = {
			isa = XCConfigurationList;
			buildConfigurations = (
				EEFE52C71B13911D008CC8F7 /* Debug */,
				EEFE52C81B13911D008CC8F7 /* Release */,
			);
			defaultConfigurationIsVisible = 0;
			defaultConfigurationName = Release;
		};
/* End XCConfigurationList section */

/* Begin XCVersionGroup section */
		EEFE52A81B13911D008CC8F7 /* Horta.xcdatamodeld */ = {
			isa = XCVersionGroup;
			children = (
				EEFE52A91B13911D008CC8F7 /* Horta.xcdatamodel */,
			);
			currentVersion = EEFE52A91B13911D008CC8F7 /* Horta.xcdatamodel */;
			path = Horta.xcdatamodeld;
			sourceTree = "<group>";
			versionGroupType = wrapper.xcdatamodel;
		};
/* End XCVersionGroup section */
	};
	rootObject = EEFE52991B13911D008CC8F7 /* Project object */;
}
